github.com/draffensperger/golp v0.0.0-20250401135005-5f2a34ee2015 h1:AOljHnNqLk2HE8gUyBAGEsMEkySl6ipr/A2OE4BEzaQ=
github.com/draffensperger/golp v0.0.0-20250401135005-5f2a34ee2015/go.mod h1:/TbDI9zua4CTUs81AOyDxnKAuvXX/SmOjonijHadP+k=
github.com/lukpank/go-glpk v0.0.0-20180303121012-2e64496cbbfa h1:Yw0xrf0Et15qHHMQevm9HXyxhaUZasVrWQ3Qz2ogT+c=
github.com/lukpank/go-glpk v0.0.0-20180303121012-2e64496cbbfa/go.mod h1:KEQoE37Z9T1bOAfFP0+yjmcgGabWf6j32MA+z6QmkhA=
golang.org/x/tools v0.32.0 h1:Q7N1vhpkQv7ybVzLFtTjvQya2ewbwNDZzUgfXGqtMWU=
golang.org/x/tools v0.32.0/go.mod h1:ZxrU41P/wAbZD8EDa6dDCa6XfpkhJ7HFMjHJXfBDu8s=
gonum.org/v1/gonum v0.16.0 h1:5+ul4Swaf3ESvrOnidPp4GZbzf0mxVQpDCYUQE7OJfk=
gonum.org/v1/gonum v0.16.0/go.mod h1:fef3am4MQ93R2HHpKnLk4/Tbh/s0+wqD5nfa6Pnwy4E=
